
Microsoft Visual Studio Solution File, Format Version 12.00
# Visual Studio Version 17
VisualStudioVersion = 17.4.33122.133
MinimumVisualStudioVersion = 10.0.40219.1
Project("{FAE04EC0-301F-11D3-BF4B-00C04F79EFBC}") = "Advent of code 2022", "Advent of code 2022\Advent of code 2022.csproj", "{413E9236-8698-4FD8-9749-50A7B6BCA66A}"
EndProject
Global
	GlobalSection(SolutionConfigurationPlatforms) = preSolution
		Debug|Any CPU = Debug|Any CPU
		Release|Any CPU = Release|Any CPU
	EndGlobalSection
	GlobalSection(ProjectConfigurationPlatforms) = postSolution
		{413E9236-8698-4FD8-9749-50A7B6BCA66A}.Debug|Any CPU.ActiveCfg = Debug|Any CPU
		{413E9236-8698-4FD8-9749-50A7B6BCA66A}.Debug|Any CPU.Build.0 = Debug|Any CPU
		{413E9236-8698-4FD8-9749-50A7B6BCA66A}.Release|Any CPU.ActiveCfg = Release|Any CPU
		{413E9236-8698-4FD8-9749-50A7B6BCA66A}.Release|Any CPU.Build.0 = Release|Any CPU
	EndGlobalSection
	GlobalSection(SolutionProperties) = preSolution
		HideSolutionNode = FALSE
	EndGlobalSection
	GlobalSection(ExtensibilityGlobals) = postSolution
		SolutionGuid = {257D6D89-7139-4B5D-A3A8-12CCF05F7A88}
	EndGlobalSection
EndGlobal
